
Microsoft Visual Studio Solution File, Format Version 12.00
# Visual Studio Version 17
VisualStudioVersion = 17.13.35919.96 d17.13
MinimumVisualStudioVersion = 10.0.40219.1
Project("{FAE04EC0-301F-11D3-BF4B-00C04F79EFBC}") = "ORMasst", "ORMasst\ORMasst.csproj", "{869ED467-88A6-4327-A5E1-635A7A3E4CF4}"
EndProject
Project("{FAE04EC0-301F-11D3-BF4B-00C04F79EFBC}") = "ORMasst.Test", "ORMasst.Test\ORMasst.Test.csproj", "{63F7A193-2208-4946-98A6-02A6B9F57905}"
EndProject
Global
	GlobalSection(SolutionConfigurationPlatforms) = preSolution
		Debug|Any CPU = Debug|Any CPU
		Release|Any CPU = Release|Any CPU
	EndGlobalSection
	GlobalSection(ProjectConfigurationPlatforms) = postSolution
		{869ED467-88A6-4327-A5E1-635A7A3E4CF4}.Debug|Any CPU.ActiveCfg = Debug|Any CPU
		{869ED467-88A6-4327-A5E1-635A7A3E4CF4}.Debug|Any CPU.Build.0 = Debug|Any CPU
		{869ED467-88A6-4327-A5E1-635A7A3E4CF4}.Release|Any CPU.ActiveCfg = Release|Any CPU
		{869ED467-88A6-4327-A5E1-635A7A3E4CF4}.Release|Any CPU.Build.0 = Release|Any CPU
		{63F7A193-2208-4946-98A6-02A6B9F57905}.Debug|Any CPU.ActiveCfg = Debug|Any CPU
		{63F7A193-2208-4946-98A6-02A6B9F57905}.Debug|Any CPU.Build.0 = Debug|Any CPU
		{63F7A193-2208-4946-98A6-02A6B9F57905}.Release|Any CPU.ActiveCfg = Release|Any CPU
		{63F7A193-2208-4946-98A6-02A6B9F57905}.Release|Any CPU.Build.0 = Release|Any CPU
	EndGlobalSection
	GlobalSection(SolutionProperties) = preSolution
		HideSolutionNode = FALSE
	EndGlobalSection
	GlobalSection(ExtensibilityGlobals) = postSolution
		SolutionGuid = {CC76AA1A-54AF-475D-809B-C908657D2537}
	EndGlobalSection
EndGlobal
